
Microsoft Visual Studio Solution File, Format Version 12.00
# Visual Studio 15
VisualStudioVersion = 15.0.27428.2005
MinimumVisualStudioVersion = 10.0.40219.1
Project("{FAE04EC0-301F-11D3-BF4B-00C04F79EFBC}") = "SOCKSTransport", "SOCKSTransport.csproj", "{D79FF055-385F-45CD-902A-0CE7068DF5FD}"
EndProject
Global
	GlobalSection(SolutionConfigurationPlatforms) = preSolution
		Debug|Any CPU = Debug|Any CPU
		Release|Any CPU = Release|Any CPU
	EndGlobalSection
	GlobalSection(ProjectConfigurationPlatforms) = postSolution
		{D79FF055-385F-45CD-902A-0CE7068DF5FD}.Debug|Any CPU.ActiveCfg = Debug|Any CPU
		{D79FF055-385F-45CD-902A-0CE7068DF5FD}.Debug|Any CPU.Build.0 = Debug|Any CPU
		{D79FF055-385F-45CD-902A-0CE7068DF5FD}.Release|Any CPU.ActiveCfg = Release|Any CPU
		{D79FF055-385F-45CD-902A-0CE7068DF5FD}.Release|Any CPU.Build.0 = Release|Any CPU
	EndGlobalSection
	GlobalSection(SolutionProperties) = preSolution
		HideSolutionNode = FALSE
	EndGlobalSection
	GlobalSection(ExtensibilityGlobals) = postSolution
		SolutionGuid = {16DCF93B-0A2C-47C4-9837-7B69EDA36436}
	EndGlobalSection
EndGlobal
